
Microsoft Visual Studio Solution File, Format Version 12.00
# Visual Studio Version 17
VisualStudioVersion = 17.5.33516.290
MinimumVisualStudioVersion = 10.0.40219.1
Project("{FAE04EC0-301F-11D3-BF4B-00C04F79EFBC}") = "depo_menu_ekle", "depo_menu_ekle\depo_menu_ekle.csproj", "{4AFEAB68-4839-4AC1-88A5-862BA39B7EB8}"
EndProject
Global
	GlobalSection(SolutionConfigurationPlatforms) = preSolution
		Debug|Any CPU = Debug|Any CPU
		Release|Any CPU = Release|Any CPU
	EndGlobalSection
	GlobalSection(ProjectConfigurationPlatforms) = postSolution
		{4AFEAB68-4839-4AC1-88A5-862BA39B7EB8}.Debug|Any CPU.ActiveCfg = Debug|Any CPU
		{4AFEAB68-4839-4AC1-88A5-862BA39B7EB8}.Debug|Any CPU.Build.0 = Debug|Any CPU
		{4AFEAB68-4839-4AC1-88A5-862BA39B7EB8}.Release|Any CPU.ActiveCfg = Release|Any CPU
		{4AFEAB68-4839-4AC1-88A5-862BA39B7EB8}.Release|Any CPU.Build.0 = Release|Any CPU
	EndGlobalSection
	GlobalSection(SolutionProperties) = preSolution
		HideSolutionNode = FALSE
	EndGlobalSection
	GlobalSection(ExtensibilityGlobals) = postSolution
		SolutionGuid = {86B45E1C-9BDC-4862-A83E-FA659CA2E09A}
	EndGlobalSection
EndGlobal
